// !$*UTF8*$!
{
	archiveVersion = 1;
	classes = {
	};
	objectVersion = 46;
	objects = {

/* Begin PBXBuildFile section */
		2712886E157C5DFA0031C7A1 /* VenueDetailViewController.m in Sources */ = {isa = PBXBuildFile; fileRef = 2712886C157C5DFA0031C7A1 /* VenueDetailViewController.m */; };
		2712886F157C5DFA0031C7A1 /* VenueDetailViewController.xib in Resources */ = {isa = PBXBuildFile; fileRef = 2712886D157C5DFA0031C7A1 /* VenueDetailViewController.xib */; };
		27128872157C66D90031C7A1 /* OpenGLES.framework in Frameworks */ = {isa = PBXBuildFile; fileRef = 27128871157C66D90031C7A1 /* OpenGLES.framework */; };
		27128874157C69B00031C7A1 /* QuartzCore.framework in Frameworks */ = {isa = PBXBuildFile; fileRef = 27128873157C69B00031C7A1 /* QuartzCore.framework */; };
		27722C4215B503FC002FF07F /* categories.plist in Resources */ = {isa = PBXBuildFile; fileRef = 27722C4115B503FC002FF07F /* categories.plist */; };
		278E3A3E1578494F00125F46 /* VenueCell.m in Sources */ = {isa = PBXBuildFile; fileRef = 278E3A3D1578494F00125F46 /* VenueCell.m */; };
		278E3A401578499400125F46 /* VenueCell.xib in Resources */ = {isa = PBXBuildFile; fileRef = 278E3A3F1578499400125F46 /* VenueCell.xib */; };
		279D04B41575CB4800390642 /* AFHTTPClient.m in Sources */ = {isa = PBXBuildFile; fileRef = 279D049B1575CB4800390642 /* AFHTTPClient.m */; settings = {COMPILER_FLAGS = "-fno-objc-arc"; }; };
		279D04B51575CB4800390642 /* AFHTTPRequestOperation.m in Sources */ = {isa = PBXBuildFile; fileRef = 279D049D1575CB4800390642 /* AFHTTPRequestOperation.m */; settings = {COMPILER_FLAGS = "-fno-objc-arc"; }; };
		279D04B61575CB4800390642 /* AFImageRequestOperation.m in Sources */ = {isa = PBXBuildFile; fileRef = 279D049F1575CB4800390642 /* AFImageRequestOperation.m */; settings = {COMPILER_FLAGS = "-fno-objc-arc"; }; };
		279D04B71575CB4800390642 /* AFJSONRequestOperation.m in Sources */ = {isa = PBXBuildFile; fileRef = 279D04A11575CB4800390642 /* AFJSONRequestOperation.m */; settings = {COMPILER_FLAGS = "-fno-objc-arc"; }; };
		279D04B81575CB4800390642 /* AFJSONUtilities.m in Sources */ = {isa = PBXBuildFile; fileRef = 279D04A31575CB4800390642 /* AFJSONUtilities.m */; settings = {COMPILER_FLAGS = "-fno-objc-arc"; }; };
		279D04B91575CB4800390642 /* AFNetworkActivityIndicatorManager.m in Sources */ = {isa = PBXBuildFile; fileRef = 279D04A51575CB4800390642 /* AFNetworkActivityIndicatorManager.m */; settings = {COMPILER_FLAGS = "-fno-objc-arc"; }; };
		279D04BA1575CB4800390642 /* AFPropertyListRequestOperation.m in Sources */ = {isa = PBXBuildFile; fileRef = 279D04A81575CB4800390642 /* AFPropertyListRequestOperation.m */; settings = {COMPILER_FLAGS = "-fno-objc-arc"; }; };
		279D04BB1575CB4800390642 /* AFURLConnectionOperation.m in Sources */ = {isa = PBXBuildFile; fileRef = 279D04AA1575CB4800390642 /* AFURLConnectionOperation.m */; settings = {COMPILER_FLAGS = "-fno-objc-arc"; }; };
		279D04BC1575CB4800390642 /* AFXMLRequestOperation.m in Sources */ = {isa = PBXBuildFile; fileRef = 279D04AC1575CB4800390642 /* AFXMLRequestOperation.m */; settings = {COMPILER_FLAGS = "-fno-objc-arc"; }; };
		279D04BD1575CB4800390642 /* UIImageView+AFNetworking.m in Sources */ = {isa = PBXBuildFile; fileRef = 279D04AE1575CB4800390642 /* UIImageView+AFNetworking.m */; settings = {COMPILER_FLAGS = "-fno-objc-arc"; }; };
		279D04BE1575CB4800390642 /* CHANGES in Resources */ = {isa = PBXBuildFile; fileRef = 279D04AF1575CB4800390642 /* CHANGES */; };
		279D04BF1575CB4800390642 /* LICENSE in Resources */ = {isa = PBXBuildFile; fileRef = 279D04B01575CB4800390642 /* LICENSE */; };
		279D04C01575CB4800390642 /* README.md in Resources */ = {isa = PBXBuildFile; fileRef = 279D04B11575CB4800390642 /* README.md */; };
		279D04C11575CB4800390642 /* AFNetworking.podspec in Resources */ = {isa = PBXBuildFile; fileRef = 279D04B21575CB4800390642 /* AFNetworking.podspec */; };
		279D04C21575CB4800390642 /* AFNetworking.xcworkspace in Resources */ = {isa = PBXBuildFile; fileRef = 279D04B31575CB4800390642 /* AFNetworking.xcworkspace */; };
		279D04C41575CF7000390642 /* CoreLocation.framework in Frameworks */ = {isa = PBXBuildFile; fileRef = 279D04C31575CF7000390642 /* CoreLocation.framework */; };
		27AB17CC15CB8380008BCEE9 /* User.m in Sources */ = {isa = PBXBuildFile; fileRef = 27AB17CB15CB8380008BCEE9 /* User.m */; };
		27B9435515B6562F00ADBBE5 /* VenueCheckinViewController.m in Sources */ = {isa = PBXBuildFile; fileRef = 27B9435315B6562F00ADBBE5 /* VenueCheckinViewController.m */; };
		27B9435615B6562F00ADBBE5 /* VenueCheckinViewController.xib in Resources */ = {isa = PBXBuildFile; fileRef = 27B9435415B6562F00ADBBE5 /* VenueCheckinViewController.xib */; };
		27C9B2D615C78A830064DD56 /* FBiOSSDK.framework in Frameworks */ = {isa = PBXBuildFile; fileRef = 27C9B2D515C78A830064DD56 /* FBiOSSDK.framework */; };
		27C9B2D915C78A9E0064DD56 /* Accounts.framework in Frameworks */ = {isa = PBXBuildFile; fileRef = 27C9B2D815C78A9E0064DD56 /* Accounts.framework */; };
		27C9B2DB15C78F4D0064DD56 /* FacebookConnectButton.png in Resources */ = {isa = PBXBuildFile; fileRef = 27C9B2DA15C78F4D0064DD56 /* FacebookConnectButton.png */; };
		27C9B2DF15C78F850064DD56 /* FacebookLoginViewController.m in Sources */ = {isa = PBXBuildFile; fileRef = 27C9B2DD15C78F850064DD56 /* FacebookLoginViewController.m */; };
		27C9B2E015C78F850064DD56 /* FacebookLoginViewController.xib in Resources */ = {isa = PBXBuildFile; fileRef = 27C9B2DE15C78F850064DD56 /* FacebookLoginViewController.xib */; };
		27C9B2E315C7974F0064DD56 /* libsqlite3.dylib in Frameworks */ = {isa = PBXBuildFile; fileRef = 27C9B2E215C7974F0064DD56 /* libsqlite3.dylib */; };
		27D9B9011576FA14000C4E74 /* Venue.m in Sources */ = {isa = PBXBuildFile; fileRef = 27D9B9001576FA14000C4E74 /* Venue.m */; };
		27D9B9041576FFF7000C4E74 /* Category.m in Sources */ = {isa = PBXBuildFile; fileRef = 27D9B9031576FFF7000C4E74 /* Category.m */; };
		27D9B90715771906000C4E74 /* VenuesAnnotation.m in Sources */ = {isa = PBXBuildFile; fileRef = 27D9B90615771906000C4E74 /* VenuesAnnotation.m */; };
		27E9825915746C9900CB16A8 /* UIKit.framework in Frameworks */ = {isa = PBXBuildFile; fileRef = 27E9825815746C9900CB16A8 /* UIKit.framework */; };
		27E9825B15746C9900CB16A8 /* Foundation.framework in Frameworks */ = {isa = PBXBuildFile; fileRef = 27E9825A15746C9900CB16A8 /* Foundation.framework */; };
		27E9825D15746C9900CB16A8 /* CoreGraphics.framework in Frameworks */ = {isa = PBXBuildFile; fileRef = 27E9825C15746C9900CB16A8 /* CoreGraphics.framework */; };
		27E9826315746C9900CB16A8 /* InfoPlist.strings in Resources */ = {isa = PBXBuildFile; fileRef = 27E9826115746C9900CB16A8 /* InfoPlist.strings */; };
		27E9826515746C9900CB16A8 /* main.m in Sources */ = {isa = PBXBuildFile; fileRef = 27E9826415746C9900CB16A8 /* main.m */; };
		27E9826915746C9900CB16A8 /* AppDelegate.m in Sources */ = {isa = PBXBuildFile; fileRef = 27E9826815746C9900CB16A8 /* AppDelegate.m */; };
		27E9826C15746C9A00CB16A8 /* MainStoryboard_iPhone.storyboard in Resources */ = {isa = PBXBuildFile; fileRef = 27E9826A15746C9A00CB16A8 /* MainStoryboard_iPhone.storyboard */; };
		27E9826F15746C9A00CB16A8 /* MainStoryboard_iPad.storyboard in Resources */ = {isa = PBXBuildFile; fileRef = 27E9826D15746C9A00CB16A8 /* MainStoryboard_iPad.storyboard */; };
		27E9827215746C9A00CB16A8 /* FirstViewController.m in Sources */ = {isa = PBXBuildFile; fileRef = 27E9827115746C9A00CB16A8 /* FirstViewController.m */; };
		27E9827415746C9A00CB16A8 /* first.png in Resources */ = {isa = PBXBuildFile; fileRef = 27E9827315746C9A00CB16A8 /* first.png */; };
		27E9827615746C9A00CB16A8 /* first@2x.png in Resources */ = {isa = PBXBuildFile; fileRef = 27E9827515746C9A00CB16A8 /* first@2x.png */; };
		27E9827915746C9A00CB16A8 /* SecondViewController.m in Sources */ = {isa = PBXBuildFile; fileRef = 27E9827815746C9A00CB16A8 /* SecondViewController.m */; };
		27E9827B15746C9A00CB16A8 /* second.png in Resources */ = {isa = PBXBuildFile; fileRef = 27E9827A15746C9A00CB16A8 /* second.png */; };
		27E9827D15746C9A00CB16A8 /* second@2x.png in Resources */ = {isa = PBXBuildFile; fileRef = 27E9827C15746C9A00CB16A8 /* second@2x.png */; };
		27E9828515746C9A00CB16A8 /* SenTestingKit.framework in Frameworks */ = {isa = PBXBuildFile; fileRef = 27E9828415746C9A00CB16A8 /* SenTestingKit.framework */; };
		27E9828615746C9A00CB16A8 /* UIKit.framework in Frameworks */ = {isa = PBXBuildFile; fileRef = 27E9825815746C9900CB16A8 /* UIKit.framework */; };
		27E9828715746C9A00CB16A8 /* Foundation.framework in Frameworks */ = {isa = PBXBuildFile; fileRef = 27E9825A15746C9900CB16A8 /* Foundation.framework */; };
		27E9828F15746C9A00CB16A8 /* InfoPlist.strings in Resources */ = {isa = PBXBuildFile; fileRef = 27E9828D15746C9A00CB16A8 /* InfoPlist.strings */; };
		27E9829215746C9B00CB16A8 /* OnThePartyTests.m in Sources */ = {isa = PBXBuildFile; fileRef = 27E9829115746C9B00CB16A8 /* OnThePartyTests.m */; };
		27E9829C157472C700CB16A8 /* MapKit.framework in Frameworks */ = {isa = PBXBuildFile; fileRef = 27E9829B157472C700CB16A8 /* MapKit.framework */; };
/* End PBXBuildFile section */

/* Begin PBXContainerItemProxy section */
		27E9828815746C9A00CB16A8 /* PBXContainerItemProxy */ = {
			isa = PBXContainerItemProxy;
			containerPortal = 27E9824B15746C9700CB16A8 /* Project object */;
			proxyType = 1;
			remoteGlobalIDString = 27E9825315746C9900CB16A8;
			remoteInfo = OnTheParty;
		};
/* End PBXContainerItemProxy section */

/* Begin PBXFileReference section */
		2712886B157C5DFA0031C7A1 /* VenueDetailViewController.h */ = {isa = PBXFileReference; fileEncoding = 4; lastKnownFileType = sourcecode.c.h; path = VenueDetailViewController.h; sourceTree = "<group>"; };
		2712886C157C5DFA0031C7A1 /* VenueDetailViewController.m */ = {isa = PBXFileReference; fileEncoding = 4; lastKnownFileType = sourcecode.c.objc; path = VenueDetailViewController.m; sourceTree = "<group>"; };
		2712886D157C5DFA0031C7A1 /* VenueDetailViewController.xib */ = {isa = PBXFileReference; fileEncoding = 4; lastKnownFileType = file.xib; path = VenueDetailViewController.xib; sourceTree = "<group>"; };
		27128871157C66D90031C7A1 /* OpenGLES.framework */ = {isa = PBXFileReference; lastKnownFileType = wrapper.framework; name = OpenGLES.framework; path = System/Library/Frameworks/OpenGLES.framework; sourceTree = SDKROOT; };
		27128873157C69B00031C7A1 /* QuartzCore.framework */ = {isa = PBXFileReference; lastKnownFileType = wrapper.framework; name = QuartzCore.framework; path = System/Library/Frameworks/QuartzCore.framework; sourceTree = SDKROOT; };
		27722C4115B503FC002FF07F /* categories.plist */ = {isa = PBXFileReference; fileEncoding = 4; lastKnownFileType = text.plist.xml; path = categories.plist; sourceTree = "<group>"; };
		278E3A3C1578494F00125F46 /* VenueCell.h */ = {isa = PBXFileReference; fileEncoding = 4; lastKnownFileType = sourcecode.c.h; path = VenueCell.h; sourceTree = "<group>"; };
		278E3A3D1578494F00125F46 /* VenueCell.m */ = {isa = PBXFileReference; fileEncoding = 4; lastKnownFileType = sourcecode.c.objc; path = VenueCell.m; sourceTree = "<group>"; };
		278E3A3F1578499400125F46 /* VenueCell.xib */ = {isa = PBXFileReference; fileEncoding = 4; lastKnownFileType = file.xib; path = VenueCell.xib; sourceTree = "<group>"; };
		279D049A1575CB4800390642 /* AFHTTPClient.h */ = {isa = PBXFileReference; fileEncoding = 4; lastKnownFileType = sourcecode.c.h; path = AFHTTPClient.h; sourceTree = "<group>"; };
		279D049B1575CB4800390642 /* AFHTTPClient.m */ = {isa = PBXFileReference; fileEncoding = 4; lastKnownFileType = sourcecode.c.objc; path = AFHTTPClient.m; sourceTree = "<group>"; };
		279D049C1575CB4800390642 /* AFHTTPRequestOperation.h */ = {isa = PBXFileReference; fileEncoding = 4; lastKnownFileType = sourcecode.c.h; path = AFHTTPRequestOperation.h; sourceTree = "<group>"; };
		279D049D1575CB4800390642 /* AFHTTPRequestOperation.m */ = {isa = PBXFileReference; fileEncoding = 4; lastKnownFileType = sourcecode.c.objc; path = AFHTTPRequestOperation.m; sourceTree = "<group>"; };
		279D049E1575CB4800390642 /* AFImageRequestOperation.h */ = {isa = PBXFileReference; fileEncoding = 4; lastKnownFileType = sourcecode.c.h; path = AFImageRequestOperation.h; sourceTree = "<group>"; };
		279D049F1575CB4800390642 /* AFImageRequestOperation.m */ = {isa = PBXFileReference; fileEncoding = 4; lastKnownFileType = sourcecode.c.objc; path = AFImageRequestOperation.m; sourceTree = "<group>"; };
		279D04A01575CB4800390642 /* AFJSONRequestOperation.h */ = {isa = PBXFileReference; fileEncoding = 4; lastKnownFileType = sourcecode.c.h; path = AFJSONRequestOperation.h; sourceTree = "<group>"; };
		279D04A11575CB4800390642 /* AFJSONRequestOperation.m */ = {isa = PBXFileReference; fileEncoding = 4; lastKnownFileType = sourcecode.c.objc; path = AFJSONRequestOperation.m; sourceTree = "<group>"; };
		279D04A21575CB4800390642 /* AFJSONUtilities.h */ = {isa = PBXFileReference; fileEncoding = 4; lastKnownFileType = sourcecode.c.h; path = AFJSONUtilities.h; sourceTree = "<group>"; };
		279D04A31575CB4800390642 /* AFJSONUtilities.m */ = {isa = PBXFileReference; fileEncoding = 4; lastKnownFileType = sourcecode.c.objc; path = AFJSONUtilities.m; sourceTree = "<group>"; };
		279D04A41575CB4800390642 /* AFNetworkActivityIndicatorManager.h */ = {isa = PBXFileReference; fileEncoding = 4; lastKnownFileType = sourcecode.c.h; path = AFNetworkActivityIndicatorManager.h; sourceTree = "<group>"; };
		279D04A51575CB4800390642 /* AFNetworkActivityIndicatorManager.m */ = {isa = PBXFileReference; fileEncoding = 4; lastKnownFileType = sourcecode.c.objc; path = AFNetworkActivityIndicatorManager.m; sourceTree = "<group>"; };
		279D04A61575CB4800390642 /* AFNetworking.h */ = {isa = PBXFileReference; fileEncoding = 4; lastKnownFileType = sourcecode.c.h; path = AFNetworking.h; sourceTree = "<group>"; };
		279D04A71575CB4800390642 /* AFPropertyListRequestOperation.h */ = {isa = PBXFileReference; fileEncoding = 4; lastKnownFileType = sourcecode.c.h; path = AFPropertyListRequestOperation.h; sourceTree = "<group>"; };
		279D04A81575CB4800390642 /* AFPropertyListRequestOperation.m */ = {isa = PBXFileReference; fileEncoding = 4; lastKnownFileType = sourcecode.c.objc; path = AFPropertyListRequestOperation.m; sourceTree = "<group>"; };
		279D04A91575CB4800390642 /* AFURLConnectionOperation.h */ = {isa = PBXFileReference; fileEncoding = 4; lastKnownFileType = sourcecode.c.h; path = AFURLConnectionOperation.h; sourceTree = "<group>"; };
		279D04AA1575CB4800390642 /* AFURLConnectionOperation.m */ = {isa = PBXFileReference; fileEncoding = 4; lastKnownFileType = sourcecode.c.objc; path = AFURLConnectionOperation.m; sourceTree = "<group>"; };
		279D04AB1575CB4800390642 /* AFXMLRequestOperation.h */ = {isa = PBXFileReference; fileEncoding = 4; lastKnownFileType = sourcecode.c.h; path = AFXMLRequestOperation.h; sourceTree = "<group>"; };
		279D04AC1575CB4800390642 /* AFXMLRequestOperation.m */ = {isa = PBXFileReference; fileEncoding = 4; lastKnownFileType = sourcecode.c.objc; path = AFXMLRequestOperation.m; sourceTree = "<group>"; };
		279D04AD1575CB4800390642 /* UIImageView+AFNetworking.h */ = {isa = PBXFileReference; fileEncoding = 4; lastKnownFileType = sourcecode.c.h; path = "UIImageView+AFNetworking.h"; sourceTree = "<group>"; };
		279D04AE1575CB4800390642 /* UIImageView+AFNetworking.m */ = {isa = PBXFileReference; fileEncoding = 4; lastKnownFileType = sourcecode.c.objc; path = "UIImageView+AFNetworking.m"; sourceTree = "<group>"; };
		279D04AF1575CB4800390642 /* CHANGES */ = {isa = PBXFileReference; fileEncoding = 4; lastKnownFileType = text; name = CHANGES; path = OnTheParty/AFNetworking/CHANGES; sourceTree = "<group>"; };
		279D04B01575CB4800390642 /* LICENSE */ = {isa = PBXFileReference; fileEncoding = 4; lastKnownFileType = text; name = LICENSE; path = OnTheParty/AFNetworking/LICENSE; sourceTree = "<group>"; };
		279D04B11575CB4800390642 /* README.md */ = {isa = PBXFileReference; fileEncoding = 4; lastKnownFileType = text; name = README.md; path = OnTheParty/AFNetworking/README.md; sourceTree = "<group>"; };
		279D04B21575CB4800390642 /* AFNetworking.podspec */ = {isa = PBXFileReference; fileEncoding = 4; lastKnownFileType = text; name = AFNetworking.podspec; path = OnTheParty/AFNetworking/AFNetworking.podspec; sourceTree = "<group>"; };
		279D04B31575CB4800390642 /* AFNetworking.xcworkspace */ = {isa = PBXFileReference; lastKnownFileType = wrapper.workspace; name = AFNetworking.xcworkspace; path = OnTheParty/AFNetworking/AFNetworking.xcworkspace; sourceTree = "<group>"; };
		279D04C31575CF7000390642 /* CoreLocation.framework */ = {isa = PBXFileReference; lastKnownFileType = wrapper.framework; name = CoreLocation.framework; path = System/Library/Frameworks/CoreLocation.framework; sourceTree = SDKROOT; };
		27AB17CA15CB8380008BCEE9 /* User.h */ = {isa = PBXFileReference; fileEncoding = 4; lastKnownFileType = sourcecode.c.h; path = User.h; sourceTree = "<group>"; };
		27AB17CB15CB8380008BCEE9 /* User.m */ = {isa = PBXFileReference; fileEncoding = 4; lastKnownFileType = sourcecode.c.objc; path = User.m; sourceTree = "<group>"; };
		27B9435215B6562F00ADBBE5 /* VenueCheckinViewController.h */ = {isa = PBXFileReference; fileEncoding = 4; lastKnownFileType = sourcecode.c.h; path = VenueCheckinViewController.h; sourceTree = "<group>"; };
		27B9435315B6562F00ADBBE5 /* VenueCheckinViewController.m */ = {isa = PBXFileReference; fileEncoding = 4; lastKnownFileType = sourcecode.c.objc; path = VenueCheckinViewController.m; sourceTree = "<group>"; };
		27B9435415B6562F00ADBBE5 /* VenueCheckinViewController.xib */ = {isa = PBXFileReference; fileEncoding = 4; lastKnownFileType = file.xib; path = VenueCheckinViewController.xib; sourceTree = "<group>"; };
		27C9B2D515C78A830064DD56 /* FBiOSSDK.framework */ = {isa = PBXFileReference; lastKnownFileType = wrapper.framework; name = FBiOSSDK.framework; path = ../../Documents/FacebookSDK/FBiOSSDK.framework; sourceTree = "<group>"; };
		27C9B2D815C78A9E0064DD56 /* Accounts.framework */ = {isa = PBXFileReference; lastKnownFileType = wrapper.framework; name = Accounts.framework; path = System/Library/Frameworks/Accounts.framework; sourceTree = SDKROOT; };
		27C9B2DA15C78F4D0064DD56 /* FacebookConnectButton.png */ = {isa = PBXFileReference; lastKnownFileType = image.png; path = FacebookConnectButton.png; sourceTree = "<group>"; };
		27C9B2DC15C78F850064DD56 /* FacebookLoginViewController.h */ = {isa = PBXFileReference; fileEncoding = 4; lastKnownFileType = sourcecode.c.h; path = FacebookLoginViewController.h; sourceTree = "<group>"; };
		27C9B2DD15C78F850064DD56 /* FacebookLoginViewController.m */ = {isa = PBXFileReference; fileEncoding = 4; lastKnownFileType = sourcecode.c.objc; path = FacebookLoginViewController.m; sourceTree = "<group>"; };
		27C9B2DE15C78F850064DD56 /* FacebookLoginViewController.xib */ = {isa = PBXFileReference; fileEncoding = 4; lastKnownFileType = file.xib; path = FacebookLoginViewController.xib; sourceTree = "<group>"; };
		27C9B2E215C7974F0064DD56 /* libsqlite3.dylib */ = {isa = PBXFileReference; lastKnownFileType = "compiled.mach-o.dylib"; name = libsqlite3.dylib; path = usr/lib/libsqlite3.dylib; sourceTree = SDKROOT; };
		27D9B8FF1576FA14000C4E74 /* Venue.h */ = {isa = PBXFileReference; fileEncoding = 4; lastKnownFileType = sourcecode.c.h; path = Venue.h; sourceTree = "<group>"; };
		27D9B9001576FA14000C4E74 /* Venue.m */ = {isa = PBXFileReference; fileEncoding = 4; lastKnownFileType = sourcecode.c.objc; path = Venue.m; sourceTree = "<group>"; };
		27D9B9021576FFF7000C4E74 /* Category.h */ = {isa = PBXFileReference; fileEncoding = 4; lastKnownFileType = sourcecode.c.h; path = Category.h; sourceTree = "<group>"; };
		27D9B9031576FFF7000C4E74 /* Category.m */ = {isa = PBXFileReference; fileEncoding = 4; lastKnownFileType = sourcecode.c.objc; path = Category.m; sourceTree = "<group>"; };
		27D9B90515771906000C4E74 /* VenuesAnnotation.h */ = {isa = PBXFileReference; fileEncoding = 4; lastKnownFileType = sourcecode.c.h; path = VenuesAnnotation.h; sourceTree = "<group>"; };
		27D9B90615771906000C4E74 /* VenuesAnnotation.m */ = {isa = PBXFileReference; fileEncoding = 4; lastKnownFileType = sourcecode.c.objc; path = VenuesAnnotation.m; sourceTree = "<group>"; };
		27E9825415746C9900CB16A8 /* OnTheParty.app */ = {isa = PBXFileReference; explicitFileType = wrapper.application; includeInIndex = 0; path = OnTheParty.app; sourceTree = BUILT_PRODUCTS_DIR; };
		27E9825815746C9900CB16A8 /* UIKit.framework */ = {isa = PBXFileReference; lastKnownFileType = wrapper.framework; name = UIKit.framework; path = System/Library/Frameworks/UIKit.framework; sourceTree = SDKROOT; };
		27E9825A15746C9900CB16A8 /* Foundation.framework */ = {isa = PBXFileReference; lastKnownFileType = wrapper.framework; name = Foundation.framework; path = System/Library/Frameworks/Foundation.framework; sourceTree = SDKROOT; };
		27E9825C15746C9900CB16A8 /* CoreGraphics.framework */ = {isa = PBXFileReference; lastKnownFileType = wrapper.framework; name = CoreGraphics.framework; path = System/Library/Frameworks/CoreGraphics.framework; sourceTree = SDKROOT; };
		27E9826015746C9900CB16A8 /* OnTheParty-Info.plist */ = {isa = PBXFileReference; lastKnownFileType = text.plist.xml; path = "OnTheParty-Info.plist"; sourceTree = "<group>"; };
		27E9826215746C9900CB16A8 /* en */ = {isa = PBXFileReference; lastKnownFileType = text.plist.strings; name = en; path = en.lproj/InfoPlist.strings; sourceTree = "<group>"; };
		27E9826415746C9900CB16A8 /* main.m */ = {isa = PBXFileReference; lastKnownFileType = sourcecode.c.objc; path = main.m; sourceTree = "<group>"; };
		27E9826615746C9900CB16A8 /* OnTheParty-Prefix.pch */ = {isa = PBXFileReference; lastKnownFileType = sourcecode.c.h; path = "OnTheParty-Prefix.pch"; sourceTree = "<group>"; };
		27E9826715746C9900CB16A8 /* AppDelegate.h */ = {isa = PBXFileReference; lastKnownFileType = sourcecode.c.h; path = AppDelegate.h; sourceTree = "<group>"; };
		27E9826815746C9900CB16A8 /* AppDelegate.m */ = {isa = PBXFileReference; lastKnownFileType = sourcecode.c.objc; path = AppDelegate.m; sourceTree = "<group>"; };
		27E9826B15746C9A00CB16A8 /* en */ = {isa = PBXFileReference; lastKnownFileType = file.storyboard; name = en; path = en.lproj/MainStoryboard_iPhone.storyboard; sourceTree = "<group>"; };
		27E9826E15746C9A00CB16A8 /* en */ = {isa = PBXFileReference; lastKnownFileType = file.storyboard; name = en; path = en.lproj/MainStoryboard_iPad.storyboard; sourceTree = "<group>"; };
		27E9827015746C9A00CB16A8 /* FirstViewController.h */ = {isa = PBXFileReference; lastKnownFileType = sourcecode.c.h; path = FirstViewController.h; sourceTree = "<group>"; };
		27E9827115746C9A00CB16A8 /* FirstViewController.m */ = {isa = PBXFileReference; lastKnownFileType = sourcecode.c.objc; path = FirstViewController.m; sourceTree = "<group>"; };
		27E9827315746C9A00CB16A8 /* first.png */ = {isa = PBXFileReference; lastKnownFileType = image.png; path = first.png; sourceTree = "<group>"; };
		27E9827515746C9A00CB16A8 /* first@2x.png */ = {isa = PBXFileReference; lastKnownFileType = image.png; path = "first@2x.png"; sourceTree = "<group>"; };
		27E9827715746C9A00CB16A8 /* SecondViewController.h */ = {isa = PBXFileReference; lastKnownFileType = sourcecode.c.h; path = SecondViewController.h; sourceTree = "<group>"; };
		27E9827815746C9A00CB16A8 /* SecondViewController.m */ = {isa = PBXFileReference; lastKnownFileType = sourcecode.c.objc; path = SecondViewController.m; sourceTree = "<group>"; };
		27E9827A15746C9A00CB16A8 /* second.png */ = {isa = PBXFileReference; lastKnownFileType = image.png; path = second.png; sourceTree = "<group>"; };
		27E9827C15746C9A00CB16A8 /* second@2x.png */ = {isa = PBXFileReference; lastKnownFileType = image.png; path = "second@2x.png"; sourceTree = "<group>"; };
		27E9828315746C9A00CB16A8 /* OnThePartyTests.octest */ = {isa = PBXFileReference; explicitFileType = wrapper.cfbundle; includeInIndex = 0; path = OnThePartyTests.octest; sourceTree = BUILT_PRODUCTS_DIR; };
		27E9828415746C9A00CB16A8 /* SenTestingKit.framework */ = {isa = PBXFileReference; lastKnownFileType = wrapper.framework; name = SenTestingKit.framework; path = Library/Frameworks/SenTestingKit.framework; sourceTree = DEVELOPER_DIR; };
		27E9828C15746C9A00CB16A8 /* OnThePartyTests-Info.plist */ = {isa = PBXFileReference; lastKnownFileType = text.plist.xml; path = "OnThePartyTests-Info.plist"; sourceTree = "<group>"; };
		27E9828E15746C9A00CB16A8 /* en */ = {isa = PBXFileReference; lastKnownFileType = text.plist.strings; name = en; path = en.lproj/InfoPlist.strings; sourceTree = "<group>"; };
		27E9829015746C9B00CB16A8 /* OnThePartyTests.h */ = {isa = PBXFileReference; lastKnownFileType = sourcecode.c.h; path = OnThePartyTests.h; sourceTree = "<group>"; };
		27E9829115746C9B00CB16A8 /* OnThePartyTests.m */ = {isa = PBXFileReference; lastKnownFileType = sourcecode.c.objc; path = OnThePartyTests.m; sourceTree = "<group>"; };
		27E9829B157472C700CB16A8 /* MapKit.framework */ = {isa = PBXFileReference; lastKnownFileType = wrapper.framework; name = MapKit.framework; path = System/Library/Frameworks/MapKit.framework; sourceTree = SDKROOT; };
/* End PBXFileReference section */

/* Begin PBXFrameworksBuildPhase section */
		27E9825115746C9900CB16A8 /* Frameworks */ = {
			isa = PBXFrameworksBuildPhase;
			buildActionMask = 2147483647;
			files = (
				27C9B2E315C7974F0064DD56 /* libsqlite3.dylib in Frameworks */,
				27C9B2D915C78A9E0064DD56 /* Accounts.framework in Frameworks */,
				27C9B2D615C78A830064DD56 /* FBiOSSDK.framework in Frameworks */,
				27128874157C69B00031C7A1 /* QuartzCore.framework in Frameworks */,
				27128872157C66D90031C7A1 /* OpenGLES.framework in Frameworks */,
				279D04C41575CF7000390642 /* CoreLocation.framework in Frameworks */,
				27E9829C157472C700CB16A8 /* MapKit.framework in Frameworks */,
				27E9825915746C9900CB16A8 /* UIKit.framework in Frameworks */,
				27E9825B15746C9900CB16A8 /* Foundation.framework in Frameworks */,
				27E9825D15746C9900CB16A8 /* CoreGraphics.framework in Frameworks */,
			);
			runOnlyForDeploymentPostprocessing = 0;
		};
		27E9827F15746C9A00CB16A8 /* Frameworks */ = {
			isa = PBXFrameworksBuildPhase;
			buildActionMask = 2147483647;
			files = (
				27E9828515746C9A00CB16A8 /* SenTestingKit.framework in Frameworks */,
				27E9828615746C9A00CB16A8 /* UIKit.framework in Frameworks */,
				27E9828715746C9A00CB16A8 /* Foundation.framework in Frameworks */,
			);
			runOnlyForDeploymentPostprocessing = 0;
		};
/* End PBXFrameworksBuildPhase section */

/* Begin PBXGroup section */
		278E3A371578486B00125F46 /* venues */ = {
			isa = PBXGroup;
			children = (
				278E3A3C1578494F00125F46 /* VenueCell.h */,
				278E3A3D1578494F00125F46 /* VenueCell.m */,
				278E3A3F1578499400125F46 /* VenueCell.xib */,
				2712886B157C5DFA0031C7A1 /* VenueDetailViewController.h */,
				2712886C157C5DFA0031C7A1 /* VenueDetailViewController.m */,
				2712886D157C5DFA0031C7A1 /* VenueDetailViewController.xib */,
				27B9435215B6562F00ADBBE5 /* VenueCheckinViewController.h */,
				27B9435315B6562F00ADBBE5 /* VenueCheckinViewController.m */,
				27B9435415B6562F00ADBBE5 /* VenueCheckinViewController.xib */,
			);
			name = venues;
			sourceTree = "<group>";
		};
		279D04981575CAEC00390642 /* AFNetworking */ = {
			isa = PBXGroup;
			children = (
				279D04991575CB4800390642 /* AFNetworking */,
				279D04AF1575CB4800390642 /* CHANGES */,
				279D04B01575CB4800390642 /* LICENSE */,
				279D04B11575CB4800390642 /* README.md */,
				279D04B21575CB4800390642 /* AFNetworking.podspec */,
				279D04B31575CB4800390642 /* AFNetworking.xcworkspace */,
			);
			name = AFNetworking;
			sourceTree = "<group>";
		};
		279D04991575CB4800390642 /* AFNetworking */ = {
			isa = PBXGroup;
			children = (
				279D049A1575CB4800390642 /* AFHTTPClient.h */,
				279D049B1575CB4800390642 /* AFHTTPClient.m */,
				279D049C1575CB4800390642 /* AFHTTPRequestOperation.h */,
				279D049D1575CB4800390642 /* AFHTTPRequestOperation.m */,
				279D049E1575CB4800390642 /* AFImageRequestOperation.h */,
				279D049F1575CB4800390642 /* AFImageRequestOperation.m */,
				279D04A01575CB4800390642 /* AFJSONRequestOperation.h */,
				279D04A11575CB4800390642 /* AFJSONRequestOperation.m */,
				279D04A21575CB4800390642 /* AFJSONUtilities.h */,
				279D04A31575CB4800390642 /* AFJSONUtilities.m */,
				279D04A41575CB4800390642 /* AFNetworkActivityIndicatorManager.h */,
				279D04A51575CB4800390642 /* AFNetworkActivityIndicatorManager.m */,
				279D04A61575CB4800390642 /* AFNetworking.h */,
				279D04A71575CB4800390642 /* AFPropertyListRequestOperation.h */,
				279D04A81575CB4800390642 /* AFPropertyListRequestOperation.m */,
				279D04A91575CB4800390642 /* AFURLConnectionOperation.h */,
				279D04AA1575CB4800390642 /* AFURLConnectionOperation.m */,
				279D04AB1575CB4800390642 /* AFXMLRequestOperation.h */,
				279D04AC1575CB4800390642 /* AFXMLRequestOperation.m */,
				279D04AD1575CB4800390642 /* UIImageView+AFNetworking.h */,
				279D04AE1575CB4800390642 /* UIImageView+AFNetworking.m */,
			);
			name = AFNetworking;
			path = OnTheParty/AFNetworking/AFNetworking;
			sourceTree = "<group>";
		};
		27C9B2E115C78F910064DD56 /* Facebook */ = {
			isa = PBXGroup;
			children = (
				27C9B2DE15C78F850064DD56 /* FacebookLoginViewController.xib */,
				27C9B2DD15C78F850064DD56 /* FacebookLoginViewController.m */,
				27C9B2DC15C78F850064DD56 /* FacebookLoginViewController.h */,
			);
			name = Facebook;
			sourceTree = "<group>";
		};
		27D9B8FD1576F9BA000C4E74 /* classes */ = {
			isa = PBXGroup;
			children = (
				27D9B8FF1576FA14000C4E74 /* Venue.h */,
				27D9B9001576FA14000C4E74 /* Venue.m */,
				27D9B9021576FFF7000C4E74 /* Category.h */,
				27D9B9031576FFF7000C4E74 /* Category.m */,
				27D9B90515771906000C4E74 /* VenuesAnnotation.h */,
				27D9B90615771906000C4E74 /* VenuesAnnotation.m */,
				27AB17CA15CB8380008BCEE9 /* User.h */,
				27AB17CB15CB8380008BCEE9 /* User.m */,
			);
			name = classes;
			sourceTree = "<group>";
		};
		27E9824915746C9700CB16A8 = {
			isa = PBXGroup;
			children = (
				27C9B2E215C7974F0064DD56 /* libsqlite3.dylib */,
				279D04981575CAEC00390642 /* AFNetworking */,
				27E9825E15746C9900CB16A8 /* OnTheParty */,
				27E9828A15746C9A00CB16A8 /* OnThePartyTests */,
				27E9825715746C9900CB16A8 /* Frameworks */,
				27E9825515746C9900CB16A8 /* Products */,
			);
			sourceTree = "<group>";
		};
		27E9825515746C9900CB16A8 /* Products */ = {
			isa = PBXGroup;
			children = (
				27E9825415746C9900CB16A8 /* OnTheParty.app */,
				27E9828315746C9A00CB16A8 /* OnThePartyTests.octest */,
			);
			name = Products;
			sourceTree = "<group>";
		};
		27E9825715746C9900CB16A8 /* Frameworks */ = {
			isa = PBXGroup;
			children = (
				27C9B2D815C78A9E0064DD56 /* Accounts.framework */,
				27C9B2D515C78A830064DD56 /* FBiOSSDK.framework */,
				27128873157C69B00031C7A1 /* QuartzCore.framework */,
				27128871157C66D90031C7A1 /* OpenGLES.framework */,
				279D04C31575CF7000390642 /* CoreLocation.framework */,
				27E9829B157472C700CB16A8 /* MapKit.framework */,
				27E9825815746C9900CB16A8 /* UIKit.framework */,
				27E9825A15746C9900CB16A8 /* Foundation.framework */,
				27E9825C15746C9900CB16A8 /* CoreGraphics.framework */,
				27E9828415746C9A00CB16A8 /* SenTestingKit.framework */,
			);
			name = Frameworks;
			sourceTree = "<group>";
		};
		27E9825E15746C9900CB16A8 /* OnTheParty */ = {
			isa = PBXGroup;
			children = (
				27C9B2DA15C78F4D0064DD56 /* FacebookConnectButton.png */,
				278E3A371578486B00125F46 /* venues */,
				27D9B8FD1576F9BA000C4E74 /* classes */,
				27E9826715746C9900CB16A8 /* AppDelegate.h */,
				27E9826815746C9900CB16A8 /* AppDelegate.m */,
				27E9826A15746C9A00CB16A8 /* MainStoryboard_iPhone.storyboard */,
				27E9826D15746C9A00CB16A8 /* MainStoryboard_iPad.storyboard */,
				27E9827015746C9A00CB16A8 /* FirstViewController.h */,
				27E9827115746C9A00CB16A8 /* FirstViewController.m */,
				27E9827315746C9A00CB16A8 /* first.png */,
				27E9827515746C9A00CB16A8 /* first@2x.png */,
				27E9827715746C9A00CB16A8 /* SecondViewController.h */,
				27E9827815746C9A00CB16A8 /* SecondViewController.m */,
				27E9827A15746C9A00CB16A8 /* second.png */,
				27E9827C15746C9A00CB16A8 /* second@2x.png */,
				27E9825F15746C9900CB16A8 /* Supporting Files */,
				27C9B2E115C78F910064DD56 /* Facebook */,
			);
			path = OnTheParty;
			sourceTree = "<group>";
		};
		27E9825F15746C9900CB16A8 /* Supporting Files */ = {
			isa = PBXGroup;
			children = (
				27E9826015746C9900CB16A8 /* OnTheParty-Info.plist */,
				27E9826115746C9900CB16A8 /* InfoPlist.strings */,
				27E9826415746C9900CB16A8 /* main.m */,
				27E9826615746C9900CB16A8 /* OnTheParty-Prefix.pch */,
				27722C4115B503FC002FF07F /* categories.plist */,
			);
			name = "Supporting Files";
			sourceTree = "<group>";
		};
		27E9828A15746C9A00CB16A8 /* OnThePartyTests */ = {
			isa = PBXGroup;
			children = (
				27E9829015746C9B00CB16A8 /* OnThePartyTests.h */,
				27E9829115746C9B00CB16A8 /* OnThePartyTests.m */,
				27E9828B15746C9A00CB16A8 /* Supporting Files */,
			);
			path = OnThePartyTests;
			sourceTree = "<group>";
		};
		27E9828B15746C9A00CB16A8 /* Supporting Files */ = {
			isa = PBXGroup;
			children = (
				27E9828C15746C9A00CB16A8 /* OnThePartyTests-Info.plist */,
				27E9828D15746C9A00CB16A8 /* InfoPlist.strings */,
			);
			name = "Supporting Files";
			sourceTree = "<group>";
		};
/* End PBXGroup section */

/* Begin PBXNativeTarget section */
		27E9825315746C9900CB16A8 /* OnTheParty */ = {
			isa = PBXNativeTarget;
			buildConfigurationList = 27E9829515746C9B00CB16A8 /* Build configuration list for PBXNativeTarget "OnTheParty" */;
			buildPhases = (
				27E9825015746C9900CB16A8 /* Sources */,
				27E9825115746C9900CB16A8 /* Frameworks */,
				27E9825215746C9900CB16A8 /* Resources */,
			);
			buildRules = (
			);
			dependencies = (
			);
			name = OnTheParty;
			productName = OnTheParty;
			productReference = 27E9825415746C9900CB16A8 /* OnTheParty.app */;
			productType = "com.apple.product-type.application";
		};
		27E9828215746C9A00CB16A8 /* OnThePartyTests */ = {
			isa = PBXNativeTarget;
			buildConfigurationList = 27E9829815746C9B00CB16A8 /* Build configuration list for PBXNativeTarget "OnThePartyTests" */;
			buildPhases = (
				27E9827E15746C9A00CB16A8 /* Sources */,
				27E9827F15746C9A00CB16A8 /* Frameworks */,
				27E9828015746C9A00CB16A8 /* Resources */,
				27E9828115746C9A00CB16A8 /* ShellScript */,
			);
			buildRules = (
			);
			dependencies = (
				27E9828915746C9A00CB16A8 /* PBXTargetDependency */,
			);
			name = OnThePartyTests;
			productName = OnThePartyTests;
			productReference = 27E9828315746C9A00CB16A8 /* OnThePartyTests.octest */;
			productType = "com.apple.product-type.bundle";
		};
/* End PBXNativeTarget section */

/* Begin PBXProject section */
		27E9824B15746C9700CB16A8 /* Project object */ = {
			isa = PBXProject;
			attributes = {
				LastUpgradeCheck = 0430;
			};
			buildConfigurationList = 27E9824E15746C9700CB16A8 /* Build configuration list for PBXProject "OnTheParty" */;
			compatibilityVersion = "Xcode 3.2";
			developmentRegion = English;
			hasScannedForEncodings = 0;
			knownRegions = (
				en,
			);
			mainGroup = 27E9824915746C9700CB16A8;
			productRefGroup = 27E9825515746C9900CB16A8 /* Products */;
			projectDirPath = "";
			projectRoot = "";
			targets = (
				27E9825315746C9900CB16A8 /* OnTheParty */,
				27E9828215746C9A00CB16A8 /* OnThePartyTests */,
			);
		};
/* End PBXProject section */

/* Begin PBXResourcesBuildPhase section */
		27E9825215746C9900CB16A8 /* Resources */ = {
			isa = PBXResourcesBuildPhase;
			buildActionMask = 2147483647;
			files = (
				27E9826315746C9900CB16A8 /* InfoPlist.strings in Resources */,
				27E9826C15746C9A00CB16A8 /* MainStoryboard_iPhone.storyboard in Resources */,
				27E9826F15746C9A00CB16A8 /* MainStoryboard_iPad.storyboard in Resources */,
				27E9827415746C9A00CB16A8 /* first.png in Resources */,
				27E9827615746C9A00CB16A8 /* first@2x.png in Resources */,
				27E9827B15746C9A00CB16A8 /* second.png in Resources */,
				27E9827D15746C9A00CB16A8 /* second@2x.png in Resources */,
				279D04BE1575CB4800390642 /* CHANGES in Resources */,
				279D04BF1575CB4800390642 /* LICENSE in Resources */,
				279D04C01575CB4800390642 /* README.md in Resources */,
				279D04C11575CB4800390642 /* AFNetworking.podspec in Resources */,
				279D04C21575CB4800390642 /* AFNetworking.xcworkspace in Resources */,
				278E3A401578499400125F46 /* VenueCell.xib in Resources */,
				2712886F157C5DFA0031C7A1 /* VenueDetailViewController.xib in Resources */,
				27722C4215B503FC002FF07F /* categories.plist in Resources */,
				27B9435615B6562F00ADBBE5 /* VenueCheckinViewController.xib in Resources */,
				27C9B2DB15C78F4D0064DD56 /* FacebookConnectButton.png in Resources */,
				27C9B2E015C78F850064DD56 /* FacebookLoginViewController.xib in Resources */,
			);
			runOnlyForDeploymentPostprocessing = 0;
		};
		27E9828015746C9A00CB16A8 /* Resources */ = {
			isa = PBXResourcesBuildPhase;
			buildActionMask = 2147483647;
			files = (
				27E9828F15746C9A00CB16A8 /* InfoPlist.strings in Resources */,
			);
			runOnlyForDeploymentPostprocessing = 0;
		};
/* End PBXResourcesBuildPhase section */

/* Begin PBXShellScriptBuildPhase section */
		27E9828115746C9A00CB16A8 /* ShellScript */ = {
			isa = PBXShellScriptBuildPhase;
			buildActionMask = 2147483647;
			files = (
			);
			inputPaths = (
			);
			outputPaths = (
			);
			runOnlyForDeploymentPostprocessing = 0;
			shellPath = /bin/sh;
			shellScript = "# Run the unit tests in this test bundle.\n\"${SYSTEM_DEVELOPER_DIR}/Tools/RunUnitTests\"\n";
		};
/* End PBXShellScriptBuildPhase section */

/* Begin PBXSourcesBuildPhase section */
		27E9825015746C9900CB16A8 /* Sources */ = {
			isa = PBXSourcesBuildPhase;
			buildActionMask = 2147483647;
			files = (
				27E9826515746C9900CB16A8 /* main.m in Sources */,
				27E9826915746C9900CB16A8 /* AppDelegate.m in Sources */,
				27E9827215746C9A00CB16A8 /* FirstViewController.m in Sources */,
				27E9827915746C9A00CB16A8 /* SecondViewController.m in Sources */,
				279D04B41575CB4800390642 /* AFHTTPClient.m in Sources */,
				279D04B51575CB4800390642 /* AFHTTPRequestOperation.m in Sources */,
				279D04B61575CB4800390642 /* AFImageRequestOperation.m in Sources */,
				279D04B71575CB4800390642 /* AFJSONRequestOperation.m in Sources */,
				279D04B81575CB4800390642 /* AFJSONUtilities.m in Sources */,
				279D04B91575CB4800390642 /* AFNetworkActivityIndicatorManager.m in Sources */,
				279D04BA1575CB4800390642 /* AFPropertyListRequestOperation.m in Sources */,
				279D04BB1575CB4800390642 /* AFURLConnectionOperation.m in Sources */,
				279D04BC1575CB4800390642 /* AFXMLRequestOperation.m in Sources */,
				279D04BD1575CB4800390642 /* UIImageView+AFNetworking.m in Sources */,
				27D9B9011576FA14000C4E74 /* Venue.m in Sources */,
				27D9B9041576FFF7000C4E74 /* Category.m in Sources */,
				27D9B90715771906000C4E74 /* VenuesAnnotation.m in Sources */,
				278E3A3E1578494F00125F46 /* VenueCell.m in Sources */,
				2712886E157C5DFA0031C7A1 /* VenueDetailViewController.m in Sources */,
				27B9435515B6562F00ADBBE5 /* VenueCheckinViewController.m in Sources */,
				27C9B2DF15C78F850064DD56 /* FacebookLoginViewController.m in Sources */,
				27AB17CC15CB8380008BCEE9 /* User.m in Sources */,
			);
			runOnlyForDeploymentPostprocessing = 0;
		};
		27E9827E15746C9A00CB16A8 /* Sources */ = {
			isa = PBXSourcesBuildPhase;
			buildActionMask = 2147483647;
			files = (
				27E9829215746C9B00CB16A8 /* OnThePartyTests.m in Sources */,
			);
			runOnlyForDeploymentPostprocessing = 0;
		};
/* End PBXSourcesBuildPhase section */

/* Begin PBXTargetDependency section */
		27E9828915746C9A00CB16A8 /* PBXTargetDependency */ = {
			isa = PBXTargetDependency;
			target = 27E9825315746C9900CB16A8 /* OnTheParty */;
			targetProxy = 27E9828815746C9A00CB16A8 /* PBXContainerItemProxy */;
		};
/* End PBXTargetDependency section */

/* Begin PBXVariantGroup section */
		27E9826115746C9900CB16A8 /* InfoPlist.strings */ = {
			isa = PBXVariantGroup;
			children = (
				27E9826215746C9900CB16A8 /* en */,
			);
			name = InfoPlist.strings;
			sourceTree = "<group>";
		};
		27E9826A15746C9A00CB16A8 /* MainStoryboard_iPhone.storyboard */ = {
			isa = PBXVariantGroup;
			children = (
				27E9826B15746C9A00CB16A8 /* en */,
			);
			name = MainStoryboard_iPhone.storyboard;
			sourceTree = "<group>";
		};
		27E9826D15746C9A00CB16A8 /* MainStoryboard_iPad.storyboard */ = {
			isa = PBXVariantGroup;
			children = (
				27E9826E15746C9A00CB16A8 /* en */,
			);
			name = MainStoryboard_iPad.storyboard;
			sourceTree = "<group>";
		};
		27E9828D15746C9A00CB16A8 /* InfoPlist.strings */ = {
			isa = PBXVariantGroup;
			children = (
				27E9828E15746C9A00CB16A8 /* en */,
			);
			name = InfoPlist.strings;
			sourceTree = "<group>";
		};
/* End PBXVariantGroup section */

/* Begin XCBuildConfiguration section */
		27E9829315746C9B00CB16A8 /* Debug */ = {
			isa = XCBuildConfiguration;
			buildSettings = {
				ALWAYS_SEARCH_USER_PATHS = NO;
				ARCHS = "$(ARCHS_STANDARD_32_BIT)";
				CLANG_ENABLE_OBJC_ARC = YES;
				"CODE_SIGN_IDENTITY[sdk=iphoneos*]" = "iPhone Developer";
				COPY_PHASE_STRIP = NO;
				GCC_C_LANGUAGE_STANDARD = gnu99;
				GCC_DYNAMIC_NO_PIC = NO;
				GCC_OPTIMIZATION_LEVEL = 0;
				GCC_PREPROCESSOR_DEFINITIONS = (
					"DEBUG=1",
					"$(inherited)",
				);
				GCC_SYMBOLS_PRIVATE_EXTERN = NO;
				GCC_VERSION = com.apple.compilers.llvm.clang.1_0;
				GCC_WARN_ABOUT_RETURN_TYPE = YES;
				GCC_WARN_UNINITIALIZED_AUTOS = YES;
				GCC_WARN_UNUSED_VARIABLE = YES;
				IPHONEOS_DEPLOYMENT_TARGET = 5.0;
				"PROVISIONING_PROFILE[sdk=iphoneos*]" = "";
				SDKROOT = iphoneos;
				TARGETED_DEVICE_FAMILY = "1,2";
			};
			name = Debug;
		};
		27E9829415746C9B00CB16A8 /* Release */ = {
			isa = XCBuildConfiguration;
			buildSettings = {
				ALWAYS_SEARCH_USER_PATHS = NO;
				ARCHS = "$(ARCHS_STANDARD_32_BIT)";
				CLANG_ENABLE_OBJC_ARC = YES;
				"CODE_SIGN_IDENTITY[sdk=iphoneos*]" = "iPhone Developer";
				COPY_PHASE_STRIP = YES;
				GCC_C_LANGUAGE_STANDARD = gnu99;
				GCC_VERSION = com.apple.compilers.llvm.clang.1_0;
				GCC_WARN_ABOUT_RETURN_TYPE = YES;
				GCC_WARN_UNINITIALIZED_AUTOS = YES;
				GCC_WARN_UNUSED_VARIABLE = YES;
				IPHONEOS_DEPLOYMENT_TARGET = 5.0;
				OTHER_CFLAGS = "-DNS_BLOCK_ASSERTIONS=1";
				SDKROOT = iphoneos;
				TARGETED_DEVICE_FAMILY = "1,2";
				VALIDATE_PRODUCT = YES;
			};
			name = Release;
		};
		27E9829615746C9B00CB16A8 /* Debug */ = {
			isa = XCBuildConfiguration;
			buildSettings = {
				FRAMEWORK_SEARCH_PATHS = (
					"$(inherited)",
					"\"$(SRCROOT)/../../Documents/FacebookSDK\"",
				);
				GCC_PRECOMPILE_PREFIX_HEADER = YES;
				GCC_PREFIX_HEADER = "OnTheParty/OnTheParty-Prefix.pch";
				INFOPLIST_FILE = "OnTheParty/OnTheParty-Info.plist";
				PRODUCT_NAME = "$(TARGET_NAME)";
				WRAPPER_EXTENSION = app;
			};
			name = Debug;
		};
		27E9829715746C9B00CB16A8 /* Release */ = {
			isa = XCBuildConfiguration;
			buildSettings = {
				FRAMEWORK_SEARCH_PATHS = (
					"$(inherited)",
					"\"$(SRCROOT)/../../Documents/FacebookSDK\"",
				);
				GCC_PRECOMPILE_PREFIX_HEADER = YES;
				GCC_PREFIX_HEADER = "OnTheParty/OnTheParty-Prefix.pch";
				INFOPLIST_FILE = "OnTheParty/OnTheParty-Info.plist";
				PRODUCT_NAME = "$(TARGET_NAME)";
				WRAPPER_EXTENSION = app;
			};
			name = Release;
		};
		27E9829915746C9B00CB16A8 /* Debug */ = {
			isa = XCBuildConfiguration;
			buildSettings = {
				BUNDLE_LOADER = "$(BUILT_PRODUCTS_DIR)/OnTheParty.app/OnTheParty";
				FRAMEWORK_SEARCH_PATHS = (
					"$(SDKROOT)/Developer/Library/Frameworks",
					"$(DEVELOPER_LIBRARY_DIR)/Frameworks",
				);
				GCC_PRECOMPILE_PREFIX_HEADER = YES;
				GCC_PREFIX_HEADER = "OnTheParty/OnTheParty-Prefix.pch";
				INFOPLIST_FILE = "OnThePartyTests/OnThePartyTests-Info.plist";
				PRODUCT_NAME = "$(TARGET_NAME)";
				TEST_HOST = "$(BUNDLE_LOADER)";
				WRAPPER_EXTENSION = octest;
			};
			name = Debug;
		};
		27E9829A15746C9B00CB16A8 /* Release */ = {
			isa = XCBuildConfiguration;
			buildSettings = {
				BUNDLE_LOADER = "$(BUILT_PRODUCTS_DIR)/OnTheParty.app/OnTheParty";
				FRAMEWORK_SEARCH_PATHS = (
					"$(SDKROOT)/Developer/Library/Frameworks",
					"$(DEVELOPER_LIBRARY_DIR)/Frameworks",
				);
				GCC_PRECOMPILE_PREFIX_HEADER = YES;
				GCC_PREFIX_HEADER = "OnTheParty/OnTheParty-Prefix.pch";
				INFOPLIST_FILE = "OnThePartyTests/OnThePartyTests-Info.plist";
				PRODUCT_NAME = "$(TARGET_NAME)";
				TEST_HOST = "$(BUNDLE_LOADER)";
				WRAPPER_EXTENSION = octest;
			};
			name = Release;
		};
/* End XCBuildConfiguration section */

/* Begin XCConfigurationList section */
		27E9824E15746C9700CB16A8 /* Build configuration list for PBXProject "OnTheParty" */ = {
			isa = XCConfigurationList;
			buildConfigurations = (
				27E9829315746C9B00CB16A8 /* Debug */,
				27E9829415746C9B00CB16A8 /* Release */,
			);
			defaultConfigurationIsVisible = 0;
			defaultConfigurationName = Release;
		};
		27E9829515746C9B00CB16A8 /* Build configuration list for PBXNativeTarget "OnTheParty" */ = {
			isa = XCConfigurationList;
			buildConfigurations = (
				27E9829615746C9B00CB16A8 /* Debug */,
				27E9829715746C9B00CB16A8 /* Release */,
			);
			defaultConfigurationIsVisible = 0;
			defaultConfigurationName = Release;
		};
		27E9829815746C9B00CB16A8 /* Build configuration list for PBXNativeTarget "OnThePartyTests" */ = {
			isa = XCConfigurationList;
			buildConfigurations = (
				27E9829915746C9B00CB16A8 /* Debug */,
				27E9829A15746C9B00CB16A8 /* Release */,
			);
			defaultConfigurationIsVisible = 0;
			defaultConfigurationName = Release;
		};
/* End XCConfigurationList section */
	};
	rootObject = 27E9824B15746C9700CB16A8 /* Project object */;
}
