// !$*UTF8*$!
{
	archiveVersion = 1;
	classes = {
	};
	objectVersion = 46;
	objects = {

/* Begin PBXBuildFile section */
		27E9825915746C9900CB16A8 /* UIKit.framework in Frameworks */ = {isa = PBXBuildFile; fileRef = 27E9825815746C9900CB16A8 /* UIKit.framework */; };
		27E9825B15746C9900CB16A8 /* Foundation.framework in Frameworks */ = {isa = PBXBuildFile; fileRef = 27E9825A15746C9900CB16A8 /* Foundation.framework */; };
		27E9825D15746C9900CB16A8 /* CoreGraphics.framework in Frameworks */ = {isa = PBXBuildFile; fileRef = 27E9825C15746C9900CB16A8 /* CoreGraphics.framework */; };
		27E9826315746C9900CB16A8 /* InfoPlist.strings in Resources */ = {isa = PBXBuildFile; fileRef = 27E9826115746C9900CB16A8 /* InfoPlist.strings */; };
		27E9826515746C9900CB16A8 /* main.m in Sources */ = {isa = PBXBuildFile; fileRef = 27E9826415746C9900CB16A8 /* main.m */; };
		27E9826915746C9900CB16A8 /* AppDelegate.m in Sources */ = {isa = PBXBuildFile; fileRef = 27E9826815746C9900CB16A8 /* AppDelegate.m */; };
		27E9826C15746C9A00CB16A8 /* MainStoryboard_iPhone.storyboard in Resources */ = {isa = PBXBuildFile; fileRef = 27E9826A15746C9A00CB16A8 /* MainStoryboard_iPhone.storyboard */; };
		27E9826F15746C9A00CB16A8 /* MainStoryboard_iPad.storyboard in Resources */ = {isa = PBXBuildFile; fileRef = 27E9826D15746C9A00CB16A8 /* MainStoryboard_iPad.storyboard */; };
		27E9827215746C9A00CB16A8 /* FirstViewController.m in Sources */ = {isa = PBXBuildFile; fileRef = 27E9827115746C9A00CB16A8 /* FirstViewController.m */; };
		27E9827415746C9A00CB16A8 /* first.png in Resources */ = {isa = PBXBuildFile; fileRef = 27E9827315746C9A00CB16A8 /* first.png */; };
		27E9827615746C9A00CB16A8 /* first@2x.png in Resources */ = {isa = PBXBuildFile; fileRef = 27E9827515746C9A00CB16A8 /* first@2x.png */; };
		27E9827915746C9A00CB16A8 /* SecondViewController.m in Sources */ = {isa = PBXBuildFile; fileRef = 27E9827815746C9A00CB16A8 /* SecondViewController.m */; };
		27E9827B15746C9A00CB16A8 /* second.png in Resources */ = {isa = PBXBuildFile; fileRef = 27E9827A15746C9A00CB16A8 /* second.png */; };
		27E9827D15746C9A00CB16A8 /* second@2x.png in Resources */ = {isa = PBXBuildFile; fileRef = 27E9827C15746C9A00CB16A8 /* second@2x.png */; };
		27E9828515746C9A00CB16A8 /* SenTestingKit.framework in Frameworks */ = {isa = PBXBuildFile; fileRef = 27E9828415746C9A00CB16A8 /* SenTestingKit.framework */; };
		27E9828615746C9A00CB16A8 /* UIKit.framework in Frameworks */ = {isa = PBXBuildFile; fileRef = 27E9825815746C9900CB16A8 /* UIKit.framework */; };
		27E9828715746C9A00CB16A8 /* Foundation.framework in Frameworks */ = {isa = PBXBuildFile; fileRef = 27E9825A15746C9900CB16A8 /* Foundation.framework */; };
		27E9828F15746C9A00CB16A8 /* InfoPlist.strings in Resources */ = {isa = PBXBuildFile; fileRef = 27E9828D15746C9A00CB16A8 /* InfoPlist.strings */; };
		27E9829215746C9B00CB16A8 /* OnThePartyTests.m in Sources */ = {isa = PBXBuildFile; fileRef = 27E9829115746C9B00CB16A8 /* OnThePartyTests.m */; };
/* End PBXBuildFile section */

/* Begin PBXContainerItemProxy section */
		27E9828815746C9A00CB16A8 /* PBXContainerItemProxy */ = {
			isa = PBXContainerItemProxy;
			containerPortal = 27E9824B15746C9700CB16A8 /* Project object */;
			proxyType = 1;
			remoteGlobalIDString = 27E9825315746C9900CB16A8;
			remoteInfo = OnTheParty;
		};
/* End PBXContainerItemProxy section */

/* Begin PBXFileReference section */
		27E9825415746C9900CB16A8 /* OnTheParty.app */ = {isa = PBXFileReference; explicitFileType = wrapper.application; includeInIndex = 0; path = OnTheParty.app; sourceTree = BUILT_PRODUCTS_DIR; };
		27E9825815746C9900CB16A8 /* UIKit.framework */ = {isa = PBXFileReference; lastKnownFileType = wrapper.framework; name = UIKit.framework; path = System/Library/Frameworks/UIKit.framework; sourceTree = SDKROOT; };
		27E9825A15746C9900CB16A8 /* Foundation.framework */ = {isa = PBXFileReference; lastKnownFileType = wrapper.framework; name = Foundation.framework; path = System/Library/Frameworks/Foundation.framework; sourceTree = SDKROOT; };
		27E9825C15746C9900CB16A8 /* CoreGraphics.framework */ = {isa = PBXFileReference; lastKnownFileType = wrapper.framework; name = CoreGraphics.framework; path = System/Library/Frameworks/CoreGraphics.framework; sourceTree = SDKROOT; };
		27E9826015746C9900CB16A8 /* OnTheParty-Info.plist */ = {isa = PBXFileReference; path = "OnTheParty-Info.plist"; sourceTree = "<group>"; };
		27E9826215746C9900CB16A8 /* en */ = {isa = PBXFileReference; lastKnownFileType = text.plist.strings; name = en; path = en.lproj/InfoPlist.strings; sourceTree = "<group>"; };
		27E9826415746C9900CB16A8 /* main.m */ = {isa = PBXFileReference; lastKnownFileType = sourcecode.c.objc; path = main.m; sourceTree = "<group>"; };
		27E9826615746C9900CB16A8 /* OnTheParty-Prefix.pch */ = {isa = PBXFileReference; path = "OnTheParty-Prefix.pch"; sourceTree = "<group>"; };
		27E9826715746C9900CB16A8 /* AppDelegate.h */ = {isa = PBXFileReference; path = AppDelegate.h; sourceTree = "<group>"; };
		27E9826815746C9900CB16A8 /* AppDelegate.m */ = {isa = PBXFileReference; lastKnownFileType = sourcecode.c.objc; path = AppDelegate.m; sourceTree = "<group>"; };
		27E9826B15746C9A00CB16A8 /* en */ = {isa = PBXFileReference; lastKnownFileType = file.storyboard; name = en; path = en.lproj/MainStoryboard_iPhone.storyboard; sourceTree = "<group>"; };
		27E9826E15746C9A00CB16A8 /* en */ = {isa = PBXFileReference; lastKnownFileType = file.storyboard; name = en; path = en.lproj/MainStoryboard_iPad.storyboard; sourceTree = "<group>"; };
		27E9827015746C9A00CB16A8 /* FirstViewController.h */ = {isa = PBXFileReference; path = FirstViewController.h; sourceTree = "<group>"; };
		27E9827115746C9A00CB16A8 /* FirstViewController.m */ = {isa = PBXFileReference; lastKnownFileType = sourcecode.c.objc; path = FirstViewController.m; sourceTree = "<group>"; };
		27E9827315746C9A00CB16A8 /* first.png */ = {isa = PBXFileReference; lastKnownFileType = image.png; path = first.png; sourceTree = "<group>"; };
		27E9827515746C9A00CB16A8 /* first@2x.png */ = {isa = PBXFileReference; lastKnownFileType = image.png; path = "first@2x.png"; sourceTree = "<group>"; };
		27E9827715746C9A00CB16A8 /* SecondViewController.h */ = {isa = PBXFileReference; path = SecondViewController.h; sourceTree = "<group>"; };
		27E9827815746C9A00CB16A8 /* SecondViewController.m */ = {isa = PBXFileReference; lastKnownFileType = sourcecode.c.objc; path = SecondViewController.m; sourceTree = "<group>"; };
		27E9827A15746C9A00CB16A8 /* second.png */ = {isa = PBXFileReference; lastKnownFileType = image.png; path = second.png; sourceTree = "<group>"; };
		27E9827C15746C9A00CB16A8 /* second@2x.png */ = {isa = PBXFileReference; lastKnownFileType = image.png; path = "second@2x.png"; sourceTree = "<group>"; };
		27E9828315746C9A00CB16A8 /* OnThePartyTests.octest */ = {isa = PBXFileReference; explicitFileType = wrapper.cfbundle; includeInIndex = 0; path = OnThePartyTests.octest; sourceTree = BUILT_PRODUCTS_DIR; };
		27E9828415746C9A00CB16A8 /* SenTestingKit.framework */ = {isa = PBXFileReference; lastKnownFileType = wrapper.framework; name = SenTestingKit.framework; path = Library/Frameworks/SenTestingKit.framework; sourceTree = DEVELOPER_DIR; };
		27E9828C15746C9A00CB16A8 /* OnThePartyTests-Info.plist */ = {isa = PBXFileReference; path = "OnThePartyTests-Info.plist"; sourceTree = "<group>"; };
		27E9828E15746C9A00CB16A8 /* en */ = {isa = PBXFileReference; lastKnownFileType = text.plist.strings; name = en; path = en.lproj/InfoPlist.strings; sourceTree = "<group>"; };
		27E9829015746C9B00CB16A8 /* OnThePartyTests.h */ = {isa = PBXFileReference; path = OnThePartyTests.h; sourceTree = "<group>"; };
		27E9829115746C9B00CB16A8 /* OnThePartyTests.m */ = {isa = PBXFileReference; lastKnownFileType = sourcecode.c.objc; path = OnThePartyTests.m; sourceTree = "<group>"; };
/* End PBXFileReference section */

/* Begin PBXFrameworksBuildPhase section */
		27E9825115746C9900CB16A8 /* Frameworks */ = {
			isa = PBXFrameworksBuildPhase;
			buildActionMask = 2147483647;
			files = (
				27E9825915746C9900CB16A8 /* UIKit.framework in Frameworks */,
				27E9825B15746C9900CB16A8 /* Foundation.framework in Frameworks */,
				27E9825D15746C9900CB16A8 /* CoreGraphics.framework in Frameworks */,
			);
			runOnlyForDeploymentPostprocessing = 0;
		};
		27E9827F15746C9A00CB16A8 /* Frameworks */ = {
			isa = PBXFrameworksBuildPhase;
			buildActionMask = 2147483647;
			files = (
				27E9828515746C9A00CB16A8 /* SenTestingKit.framework in Frameworks */,
				27E9828615746C9A00CB16A8 /* UIKit.framework in Frameworks */,
				27E9828715746C9A00CB16A8 /* Foundation.framework in Frameworks */,
			);
			runOnlyForDeploymentPostprocessing = 0;
		};
/* End PBXFrameworksBuildPhase section */

/* Begin PBXGroup section */
		27E9824915746C9700CB16A8 = {
			isa = PBXGroup;
			children = (
				27E9825E15746C9900CB16A8 /* OnTheParty */,
				27E9828A15746C9A00CB16A8 /* OnThePartyTests */,
				27E9825715746C9900CB16A8 /* Frameworks */,
				27E9825515746C9900CB16A8 /* Products */,
			);
			sourceTree = "<group>";
		};
		27E9825515746C9900CB16A8 /* Products */ = {
			isa = PBXGroup;
			children = (
				27E9825415746C9900CB16A8 /* OnTheParty.app */,
				27E9828315746C9A00CB16A8 /* OnThePartyTests.octest */,
			);
			name = Products;
			sourceTree = "<group>";
		};
		27E9825715746C9900CB16A8 /* Frameworks */ = {
			isa = PBXGroup;
			children = (
				27E9825815746C9900CB16A8 /* UIKit.framework */,
				27E9825A15746C9900CB16A8 /* Foundation.framework */,
				27E9825C15746C9900CB16A8 /* CoreGraphics.framework */,
				27E9828415746C9A00CB16A8 /* SenTestingKit.framework */,
			);
			name = Frameworks;
			sourceTree = "<group>";
		};
		27E9825E15746C9900CB16A8 /* OnTheParty */ = {
			isa = PBXGroup;
			children = (
				27E9826715746C9900CB16A8 /* AppDelegate.h */,
				27E9826815746C9900CB16A8 /* AppDelegate.m */,
				27E9826A15746C9A00CB16A8 /* MainStoryboard_iPhone.storyboard */,
				27E9826D15746C9A00CB16A8 /* MainStoryboard_iPad.storyboard */,
				27E9827015746C9A00CB16A8 /* FirstViewController.h */,
				27E9827115746C9A00CB16A8 /* FirstViewController.m */,
				27E9827315746C9A00CB16A8 /* first.png */,
				27E9827515746C9A00CB16A8 /* first@2x.png */,
				27E9827715746C9A00CB16A8 /* SecondViewController.h */,
				27E9827815746C9A00CB16A8 /* SecondViewController.m */,
				27E9827A15746C9A00CB16A8 /* second.png */,
				27E9827C15746C9A00CB16A8 /* second@2x.png */,
				27E9825F15746C9900CB16A8 /* Supporting Files */,
			);
			path = OnTheParty;
			sourceTree = "<group>";
		};
		27E9825F15746C9900CB16A8 /* Supporting Files */ = {
			isa = PBXGroup;
			children = (
				27E9826015746C9900CB16A8 /* OnTheParty-Info.plist */,
				27E9826115746C9900CB16A8 /* InfoPlist.strings */,
				27E9826415746C9900CB16A8 /* main.m */,
				27E9826615746C9900CB16A8 /* OnTheParty-Prefix.pch */,
			);
			name = "Supporting Files";
			sourceTree = "<group>";
		};
		27E9828A15746C9A00CB16A8 /* OnThePartyTests */ = {
			isa = PBXGroup;
			children = (
				27E9829015746C9B00CB16A8 /* OnThePartyTests.h */,
				27E9829115746C9B00CB16A8 /* OnThePartyTests.m */,
				27E9828B15746C9A00CB16A8 /* Supporting Files */,
			);
			path = OnThePartyTests;
			sourceTree = "<group>";
		};
		27E9828B15746C9A00CB16A8 /* Supporting Files */ = {
			isa = PBXGroup;
			children = (
				27E9828C15746C9A00CB16A8 /* OnThePartyTests-Info.plist */,
				27E9828D15746C9A00CB16A8 /* InfoPlist.strings */,
			);
			name = "Supporting Files";
			sourceTree = "<group>";
		};
/* End PBXGroup section */

/* Begin PBXNativeTarget section */
		27E9825315746C9900CB16A8 /* OnTheParty */ = {
			isa = PBXNativeTarget;
			buildConfigurationList = 27E9829515746C9B00CB16A8 /* Build configuration list for PBXNativeTarget "OnTheParty" */;
			buildPhases = (
				27E9825015746C9900CB16A8 /* Sources */,
				27E9825115746C9900CB16A8 /* Frameworks */,
				27E9825215746C9900CB16A8 /* Resources */,
			);
			buildRules = (
			);
			dependencies = (
			);
			name = OnTheParty;
			productName = OnTheParty;
			productReference = 27E9825415746C9900CB16A8 /* OnTheParty.app */;
			productType = "com.apple.product-type.application";
		};
		27E9828215746C9A00CB16A8 /* OnThePartyTests */ = {
			isa = PBXNativeTarget;
			buildConfigurationList = 27E9829815746C9B00CB16A8 /* Build configuration list for PBXNativeTarget "OnThePartyTests" */;
			buildPhases = (
				27E9827E15746C9A00CB16A8 /* Sources */,
				27E9827F15746C9A00CB16A8 /* Frameworks */,
				27E9828015746C9A00CB16A8 /* Resources */,
				27E9828115746C9A00CB16A8 /* ShellScript */,
			);
			buildRules = (
			);
			dependencies = (
				27E9828915746C9A00CB16A8 /* PBXTargetDependency */,
			);
			name = OnThePartyTests;
			productName = OnThePartyTests;
			productReference = 27E9828315746C9A00CB16A8 /* OnThePartyTests.octest */;
			productType = "com.apple.product-type.bundle";
		};
/* End PBXNativeTarget section */

/* Begin PBXProject section */
		27E9824B15746C9700CB16A8 /* Project object */ = {
			isa = PBXProject;
			attributes = {
				LastUpgradeCheck = 0430;
			};
			buildConfigurationList = 27E9824E15746C9700CB16A8 /* Build configuration list for PBXProject "OnTheParty" */;
			compatibilityVersion = "Xcode 3.2";
			developmentRegion = English;
			hasScannedForEncodings = 0;
			knownRegions = (
				en,
			);
			mainGroup = 27E9824915746C9700CB16A8;
			productRefGroup = 27E9825515746C9900CB16A8 /* Products */;
			projectDirPath = "";
			projectRoot = "";
			targets = (
				27E9825315746C9900CB16A8 /* OnTheParty */,
				27E9828215746C9A00CB16A8 /* OnThePartyTests */,
			);
		};
/* End PBXProject section */

/* Begin PBXResourcesBuildPhase section */
		27E9825215746C9900CB16A8 /* Resources */ = {
			isa = PBXResourcesBuildPhase;
			buildActionMask = 2147483647;
			files = (
				27E9826315746C9900CB16A8 /* InfoPlist.strings in Resources */,
				27E9826C15746C9A00CB16A8 /* MainStoryboard_iPhone.storyboard in Resources */,
				27E9826F15746C9A00CB16A8 /* MainStoryboard_iPad.storyboard in Resources */,
				27E9827415746C9A00CB16A8 /* first.png in Resources */,
				27E9827615746C9A00CB16A8 /* first@2x.png in Resources */,
				27E9827B15746C9A00CB16A8 /* second.png in Resources */,
				27E9827D15746C9A00CB16A8 /* second@2x.png in Resources */,
			);
			runOnlyForDeploymentPostprocessing = 0;
		};
		27E9828015746C9A00CB16A8 /* Resources */ = {
			isa = PBXResourcesBuildPhase;
			buildActionMask = 2147483647;
			files = (
				27E9828F15746C9A00CB16A8 /* InfoPlist.strings in Resources */,
			);
			runOnlyForDeploymentPostprocessing = 0;
		};
/* End PBXResourcesBuildPhase section */

/* Begin PBXShellScriptBuildPhase section */
		27E9828115746C9A00CB16A8 /* ShellScript */ = {
			isa = PBXShellScriptBuildPhase;
			buildActionMask = 2147483647;
			files = (
			);
			inputPaths = (
			);
			outputPaths = (
			);
			runOnlyForDeploymentPostprocessing = 0;
			shellPath = /bin/sh;
			shellScript = "# Run the unit tests in this test bundle.\n\"${SYSTEM_DEVELOPER_DIR}/Tools/RunUnitTests\"\n";
		};
/* End PBXShellScriptBuildPhase section */

/* Begin PBXSourcesBuildPhase section */
		27E9825015746C9900CB16A8 /* Sources */ = {
			isa = PBXSourcesBuildPhase;
			buildActionMask = 2147483647;
			files = (
				27E9826515746C9900CB16A8 /* main.m in Sources */,
				27E9826915746C9900CB16A8 /* AppDelegate.m in Sources */,
				27E9827215746C9A00CB16A8 /* FirstViewController.m in Sources */,
				27E9827915746C9A00CB16A8 /* SecondViewController.m in Sources */,
			);
			runOnlyForDeploymentPostprocessing = 0;
		};
		27E9827E15746C9A00CB16A8 /* Sources */ = {
			isa = PBXSourcesBuildPhase;
			buildActionMask = 2147483647;
			files = (
				27E9829215746C9B00CB16A8 /* OnThePartyTests.m in Sources */,
			);
			runOnlyForDeploymentPostprocessing = 0;
		};
/* End PBXSourcesBuildPhase section */

/* Begin PBXTargetDependency section */
		27E9828915746C9A00CB16A8 /* PBXTargetDependency */ = {
			isa = PBXTargetDependency;
			target = 27E9825315746C9900CB16A8 /* OnTheParty */;
			targetProxy = 27E9828815746C9A00CB16A8 /* PBXContainerItemProxy */;
		};
/* End PBXTargetDependency section */

/* Begin PBXVariantGroup section */
		27E9826115746C9900CB16A8 /* InfoPlist.strings */ = {
			isa = PBXVariantGroup;
			children = (
				27E9826215746C9900CB16A8 /* en */,
			);
			name = InfoPlist.strings;
			sourceTree = "<group>";
		};
		27E9826A15746C9A00CB16A8 /* MainStoryboard_iPhone.storyboard */ = {
			isa = PBXVariantGroup;
			children = (
				27E9826B15746C9A00CB16A8 /* en */,
			);
			name = MainStoryboard_iPhone.storyboard;
			sourceTree = "<group>";
		};
		27E9826D15746C9A00CB16A8 /* MainStoryboard_iPad.storyboard */ = {
			isa = PBXVariantGroup;
			children = (
				27E9826E15746C9A00CB16A8 /* en */,
			);
			name = MainStoryboard_iPad.storyboard;
			sourceTree = "<group>";
		};
		27E9828D15746C9A00CB16A8 /* InfoPlist.strings */ = {
			isa = PBXVariantGroup;
			children = (
				27E9828E15746C9A00CB16A8 /* en */,
			);
			name = InfoPlist.strings;
			sourceTree = "<group>";
		};
/* End PBXVariantGroup section */

/* Begin XCBuildConfiguration section */
		27E9829315746C9B00CB16A8 /* Debug */ = {
			isa = XCBuildConfiguration;
			buildSettings = {
				ALWAYS_SEARCH_USER_PATHS = NO;
				ARCHS = "$(ARCHS_STANDARD_32_BIT)";
				CLANG_ENABLE_OBJC_ARC = YES;
				"CODE_SIGN_IDENTITY[sdk=iphoneos*]" = "iPhone Developer";
				COPY_PHASE_STRIP = NO;
				GCC_C_LANGUAGE_STANDARD = gnu99;
				GCC_DYNAMIC_NO_PIC = NO;
				GCC_OPTIMIZATION_LEVEL = 0;
				GCC_PREPROCESSOR_DEFINITIONS = (
					"DEBUG=1",
					"$(inherited)",
				);
				GCC_SYMBOLS_PRIVATE_EXTERN = NO;
				GCC_VERSION = com.apple.compilers.llvm.clang.1_0;
				GCC_WARN_ABOUT_RETURN_TYPE = YES;
				GCC_WARN_UNINITIALIZED_AUTOS = YES;
				GCC_WARN_UNUSED_VARIABLE = YES;
				IPHONEOS_DEPLOYMENT_TARGET = 5.1;
				SDKROOT = iphoneos;
				TARGETED_DEVICE_FAMILY = "1,2";
			};
			name = Debug;
		};
		27E9829415746C9B00CB16A8 /* Release */ = {
			isa = XCBuildConfiguration;
			buildSettings = {
				ALWAYS_SEARCH_USER_PATHS = NO;
				ARCHS = "$(ARCHS_STANDARD_32_BIT)";
				CLANG_ENABLE_OBJC_ARC = YES;
				"CODE_SIGN_IDENTITY[sdk=iphoneos*]" = "iPhone Developer";
				COPY_PHASE_STRIP = YES;
				GCC_C_LANGUAGE_STANDARD = gnu99;
				GCC_VERSION = com.apple.compilers.llvm.clang.1_0;
				GCC_WARN_ABOUT_RETURN_TYPE = YES;
				GCC_WARN_UNINITIALIZED_AUTOS = YES;
				GCC_WARN_UNUSED_VARIABLE = YES;
				IPHONEOS_DEPLOYMENT_TARGET = 5.1;
				OTHER_CFLAGS = "-DNS_BLOCK_ASSERTIONS=1";
				SDKROOT = iphoneos;
				TARGETED_DEVICE_FAMILY = "1,2";
				VALIDATE_PRODUCT = YES;
			};
			name = Release;
		};
		27E9829615746C9B00CB16A8 /* Debug */ = {
			isa = XCBuildConfiguration;
			buildSettings = {
				GCC_PRECOMPILE_PREFIX_HEADER = YES;
				GCC_PREFIX_HEADER = "OnTheParty/OnTheParty-Prefix.pch";
				INFOPLIST_FILE = "OnTheParty/OnTheParty-Info.plist";
				PRODUCT_NAME = "$(TARGET_NAME)";
				WRAPPER_EXTENSION = app;
			};
			name = Debug;
		};
		27E9829715746C9B00CB16A8 /* Release */ = {
			isa = XCBuildConfiguration;
			buildSettings = {
				GCC_PRECOMPILE_PREFIX_HEADER = YES;
				GCC_PREFIX_HEADER = "OnTheParty/OnTheParty-Prefix.pch";
				INFOPLIST_FILE = "OnTheParty/OnTheParty-Info.plist";
				PRODUCT_NAME = "$(TARGET_NAME)";
				WRAPPER_EXTENSION = app;
			};
			name = Release;
		};
		27E9829915746C9B00CB16A8 /* Debug */ = {
			isa = XCBuildConfiguration;
			buildSettings = {
				BUNDLE_LOADER = "$(BUILT_PRODUCTS_DIR)/OnTheParty.app/OnTheParty";
				FRAMEWORK_SEARCH_PATHS = (
					"$(SDKROOT)/Developer/Library/Frameworks",
					"$(DEVELOPER_LIBRARY_DIR)/Frameworks",
				);
				GCC_PRECOMPILE_PREFIX_HEADER = YES;
				GCC_PREFIX_HEADER = "OnTheParty/OnTheParty-Prefix.pch";
				INFOPLIST_FILE = "OnThePartyTests/OnThePartyTests-Info.plist";
				PRODUCT_NAME = "$(TARGET_NAME)";
				TEST_HOST = "$(BUNDLE_LOADER)";
				WRAPPER_EXTENSION = octest;
			};
			name = Debug;
		};
		27E9829A15746C9B00CB16A8 /* Release */ = {
			isa = XCBuildConfiguration;
			buildSettings = {
				BUNDLE_LOADER = "$(BUILT_PRODUCTS_DIR)/OnTheParty.app/OnTheParty";
				FRAMEWORK_SEARCH_PATHS = (
					"$(SDKROOT)/Developer/Library/Frameworks",
					"$(DEVELOPER_LIBRARY_DIR)/Frameworks",
				);
				GCC_PRECOMPILE_PREFIX_HEADER = YES;
				GCC_PREFIX_HEADER = "OnTheParty/OnTheParty-Prefix.pch";
				INFOPLIST_FILE = "OnThePartyTests/OnThePartyTests-Info.plist";
				PRODUCT_NAME = "$(TARGET_NAME)";
				TEST_HOST = "$(BUNDLE_LOADER)";
				WRAPPER_EXTENSION = octest;
			};
			name = Release;
		};
/* End XCBuildConfiguration section */

/* Begin XCConfigurationList section */
		27E9824E15746C9700CB16A8 /* Build configuration list for PBXProject "OnTheParty" */ = {
			isa = XCConfigurationList;
			buildConfigurations = (
				27E9829315746C9B00CB16A8 /* Debug */,
				27E9829415746C9B00CB16A8 /* Release */,
			);
			defaultConfigurationIsVisible = 0;
			defaultConfigurationName = Release;
		};
		27E9829515746C9B00CB16A8 /* Build configuration list for PBXNativeTarget "OnTheParty" */ = {
			isa = XCConfigurationList;
			buildConfigurations = (
				27E9829615746C9B00CB16A8 /* Debug */,
				27E9829715746C9B00CB16A8 /* Release */,
			);
			defaultConfigurationIsVisible = 0;
		};
		27E9829815746C9B00CB16A8 /* Build configuration list for PBXNativeTarget "OnThePartyTests" */ = {
			isa = XCConfigurationList;
			buildConfigurations = (
				27E9829915746C9B00CB16A8 /* Debug */,
				27E9829A15746C9B00CB16A8 /* Release */,
			);
			defaultConfigurationIsVisible = 0;
		};
/* End XCConfigurationList section */
	};
	rootObject = 27E9824B15746C9700CB16A8 /* Project object */;
}
